
Microsoft Visual Studio Solution File, Format Version 12.00
# Visual Studio Version 17
VisualStudioVersion = 17.5.33516.290
MinimumVisualStudioVersion = 10.0.40219.1
Project("{888888A0-9F3D-457C-B088-3A5042F75D52}") = "ELM", "ELM.pyproj", "{3F63733C-40AA-412E-88F8-32B2BCF8D893}"
EndProject
Global
	GlobalSection(SolutionConfigurationPlatforms) = preSolution
		Debug|Any CPU = Debug|Any CPU
		Release|Any CPU = Release|Any CPU
	EndGlobalSection
	GlobalSection(ProjectConfigurationPlatforms) = postSolution
		{3F63733C-40AA-412E-88F8-32B2BCF8D893}.Debug|Any CPU.ActiveCfg = Debug|Any CPU
		{3F63733C-40AA-412E-88F8-32B2BCF8D893}.Release|Any CPU.ActiveCfg = Release|Any CPU
	EndGlobalSection
	GlobalSection(SolutionProperties) = preSolution
		HideSolutionNode = FALSE
	EndGlobalSection
	GlobalSection(ExtensibilityGlobals) = postSolution
		SolutionGuid = {C5F410B9-4E2D-4815-8AEC-1906DEB78F01}
	EndGlobalSection
EndGlobal
